
Microsoft Visual Studio Solution File, Format Version 12.00
# Visual Studio Version 17
VisualStudioVersion = 17.7.34221.43
MinimumVisualStudioVersion = 10.0.40219.1
Project("{9A19103F-16F7-4668-BE54-9A1E7A4F7556}") = "EgeYurt_Backend_Task", "EgeYurt_Backend_Task\EgeYurt_Backend_Task.csproj", "{4694EC70-636B-4138-8CCE-5F8522211C7B}"
EndProject
Project("{E53339B2-1760-4266-BCC7-CA923CBCF16C}") = "docker-compose", "docker-compose.dcproj", "{72401E4F-F39A-4C7E-BF21-A1EBA74B3E4A}"
EndProject
Global
	GlobalSection(SolutionConfigurationPlatforms) = preSolution
		Debug|Any CPU = Debug|Any CPU
		Release|Any CPU = Release|Any CPU
	EndGlobalSection
	GlobalSection(ProjectConfigurationPlatforms) = postSolution
		{4694EC70-636B-4138-8CCE-5F8522211C7B}.Debug|Any CPU.ActiveCfg = Debug|Any CPU
		{4694EC70-636B-4138-8CCE-5F8522211C7B}.Debug|Any CPU.Build.0 = Debug|Any CPU
		{4694EC70-636B-4138-8CCE-5F8522211C7B}.Release|Any CPU.ActiveCfg = Release|Any CPU
		{4694EC70-636B-4138-8CCE-5F8522211C7B}.Release|Any CPU.Build.0 = Release|Any CPU
		{72401E4F-F39A-4C7E-BF21-A1EBA74B3E4A}.Debug|Any CPU.ActiveCfg = Debug|Any CPU
		{72401E4F-F39A-4C7E-BF21-A1EBA74B3E4A}.Debug|Any CPU.Build.0 = Debug|Any CPU
		{72401E4F-F39A-4C7E-BF21-A1EBA74B3E4A}.Release|Any CPU.ActiveCfg = Release|Any CPU
		{72401E4F-F39A-4C7E-BF21-A1EBA74B3E4A}.Release|Any CPU.Build.0 = Release|Any CPU
	EndGlobalSection
	GlobalSection(SolutionProperties) = preSolution
		HideSolutionNode = FALSE
	EndGlobalSection
	GlobalSection(ExtensibilityGlobals) = postSolution
		SolutionGuid = {8F3E03FF-C71D-4C1B-A25E-6836AF2FBE2C}
	EndGlobalSection
EndGlobal
